
Microsoft Visual Studio Solution File, Format Version 12.00
# Visual Studio 15
VisualStudioVersion = 15.0.27428.2002
MinimumVisualStudioVersion = 10.0.40219.1
Project("{FAE04EC0-301F-11D3-BF4B-00C04F79EFBC}") = "CardanoGrille", "CardanoGrille\CardanoGrille.csproj", "{B39C0368-9FE2-4E71-8C00-9D280E6B190A}"
EndProject
Global
	GlobalSection(SolutionConfigurationPlatforms) = preSolution
		Debug|Any CPU = Debug|Any CPU
		Release|Any CPU = Release|Any CPU
	EndGlobalSection
	GlobalSection(ProjectConfigurationPlatforms) = postSolution
		{B39C0368-9FE2-4E71-8C00-9D280E6B190A}.Debug|Any CPU.ActiveCfg = Debug|Any CPU
		{B39C0368-9FE2-4E71-8C00-9D280E6B190A}.Debug|Any CPU.Build.0 = Debug|Any CPU
		{B39C0368-9FE2-4E71-8C00-9D280E6B190A}.Release|Any CPU.ActiveCfg = Release|Any CPU
		{B39C0368-9FE2-4E71-8C00-9D280E6B190A}.Release|Any CPU.Build.0 = Release|Any CPU
	EndGlobalSection
	GlobalSection(SolutionProperties) = preSolution
		HideSolutionNode = FALSE
	EndGlobalSection
	GlobalSection(ExtensibilityGlobals) = postSolution
		SolutionGuid = {123356BF-0DD3-4560-B1E9-6B9E10483F38}
	EndGlobalSection
EndGlobal
